{
    "name": "parchemin",
    "version": "0.0.8",
    "lockfileVersion": 1,
    "requires": true,
    "dependencies": {
        "vanilla-cherry": {
            "version": "0.6.0",
            "resolved": "https://registry.npmjs.org/vanilla-cherry/-/vanilla-cherry-0.6.0.tgz",
            "integrity": "sha512-S84ODzU38TasIRCnXG+UsgrjHUyRtumpGfqdrWO7JAkIwuKjsGODbysY8KzVvqaoqP2t+rJi3v5GdCtRymxIhQ=="
        }
    }
}
